{
  "requires": true,
  "lockfileVersion": 1,
  "dependencies": {
    "@andyreagan/npm-example": {
      "version": "1.0.0",
      "resolved": "https://registry.npmjs.org/@andyreagan/npm-example/-/npm-example-1.0.0.tgz",
      "integrity": "sha512-vnOJ5bgrMzHK/q2HnCW1k07iQogC4Aij71kEhucQaNDaYRrGzFZccfxWwGqs/4CtLRRdl5922NkC67gIYrxh+A=="
    }
  }
}
